
Microsoft Visual Studio Solution File, Format Version 12.00
# Visual Studio 15
VisualStudioVersion = 15.0.28307.1062
MinimumVisualStudioVersion = 10.0.40219.1
Project("{8BC9CEB8-8B4A-11D0-8D11-00A0C91BC942}") = "lab4_2", "lab4_2\lab4_2.vcxproj", "{EC982A8A-9343-4542-97B8-0CB74BBF504C}"
EndProject
Global
	GlobalSection(SolutionConfigurationPlatforms) = preSolution
		Debug|x64 = Debug|x64
		Debug|x86 = Debug|x86
		Release|x64 = Release|x64
		Release|x86 = Release|x86
	EndGlobalSection
	GlobalSection(ProjectConfigurationPlatforms) = postSolution
		{EC982A8A-9343-4542-97B8-0CB74BBF504C}.Debug|x64.ActiveCfg = Debug|x64
		{EC982A8A-9343-4542-97B8-0CB74BBF504C}.Debug|x64.Build.0 = Debug|x64
		{EC982A8A-9343-4542-97B8-0CB74BBF504C}.Debug|x86.ActiveCfg = Debug|Win32
		{EC982A8A-9343-4542-97B8-0CB74BBF504C}.Debug|x86.Build.0 = Debug|Win32
		{EC982A8A-9343-4542-97B8-0CB74BBF504C}.Release|x64.ActiveCfg = Release|x64
		{EC982A8A-9343-4542-97B8-0CB74BBF504C}.Release|x64.Build.0 = Release|x64
		{EC982A8A-9343-4542-97B8-0CB74BBF504C}.Release|x86.ActiveCfg = Release|Win32
		{EC982A8A-9343-4542-97B8-0CB74BBF504C}.Release|x86.Build.0 = Release|Win32
	EndGlobalSection
	GlobalSection(SolutionProperties) = preSolution
		HideSolutionNode = FALSE
	EndGlobalSection
	GlobalSection(ExtensibilityGlobals) = postSolution
		SolutionGuid = {66EAE978-794F-40BA-B735-63DFED632DF0}
	EndGlobalSection
EndGlobal
